
Microsoft Visual Studio Solution File, Format Version 12.00
# Visual Studio 14
VisualStudioVersion = 14.0.25420.1
MinimumVisualStudioVersion = 10.0.40219.1
Project("{FAE04EC0-301F-11D3-BF4B-00C04F79EFBC}") = "Live2DCubismComponents", "Live2DCubismComponents\Live2DCubismComponents.csproj", "{C62055BC-0779-47B8-BFB2-227D6C12ACD0}"
EndProject
Project("{FAE04EC0-301F-11D3-BF4B-00C04F79EFBC}") = "Live2DCubismComponents_EditorExtensions", "Live2DCubismComponents_EditorExtensions\Live2DCubismComponents_EditorExtensions.csproj", "{09D1FA56-6B7B-4A98-85A1-C857EBC5BF55}"
EndProject
Global
	GlobalSection(SolutionConfigurationPlatforms) = preSolution
		Debug|Any CPU = Debug|Any CPU
		Release|Any CPU = Release|Any CPU
	EndGlobalSection
	GlobalSection(ProjectConfigurationPlatforms) = postSolution
		{C62055BC-0779-47B8-BFB2-227D6C12ACD0}.Debug|Any CPU.ActiveCfg = Debug|Any CPU
		{C62055BC-0779-47B8-BFB2-227D6C12ACD0}.Debug|Any CPU.Build.0 = Debug|Any CPU
		{C62055BC-0779-47B8-BFB2-227D6C12ACD0}.Release|Any CPU.ActiveCfg = Release|Any CPU
		{C62055BC-0779-47B8-BFB2-227D6C12ACD0}.Release|Any CPU.Build.0 = Release|Any CPU
		{09D1FA56-6B7B-4A98-85A1-C857EBC5BF55}.Debug|Any CPU.ActiveCfg = Debug|Any CPU
		{09D1FA56-6B7B-4A98-85A1-C857EBC5BF55}.Debug|Any CPU.Build.0 = Debug|Any CPU
		{09D1FA56-6B7B-4A98-85A1-C857EBC5BF55}.Release|Any CPU.ActiveCfg = Release|Any CPU
		{09D1FA56-6B7B-4A98-85A1-C857EBC5BF55}.Release|Any CPU.Build.0 = Release|Any CPU
	EndGlobalSection
	GlobalSection(SolutionProperties) = preSolution
		HideSolutionNode = FALSE
	EndGlobalSection
EndGlobal
